
Microsoft Visual Studio Solution File, Format Version 12.00
# Visual Studio Version 17
VisualStudioVersion = 17.13.35931.197 d17.13
MinimumVisualStudioVersion = 10.0.40219.1
Project("{FAE04EC0-301F-11D3-BF4B-00C04F79EFBC}") = "lista1ex6", "lista1ex6\lista1ex6.csproj", "{BA4C9FA8-23E7-4093-945E-0ECCC35D0884}"
EndProject
Global
	GlobalSection(SolutionConfigurationPlatforms) = preSolution
		Debug|Any CPU = Debug|Any CPU
		Release|Any CPU = Release|Any CPU
	EndGlobalSection
	GlobalSection(ProjectConfigurationPlatforms) = postSolution
		{BA4C9FA8-23E7-4093-945E-0ECCC35D0884}.Debug|Any CPU.ActiveCfg = Debug|Any CPU
		{BA4C9FA8-23E7-4093-945E-0ECCC35D0884}.Debug|Any CPU.Build.0 = Debug|Any CPU
		{BA4C9FA8-23E7-4093-945E-0ECCC35D0884}.Release|Any CPU.ActiveCfg = Release|Any CPU
		{BA4C9FA8-23E7-4093-945E-0ECCC35D0884}.Release|Any CPU.Build.0 = Release|Any CPU
	EndGlobalSection
	GlobalSection(SolutionProperties) = preSolution
		HideSolutionNode = FALSE
	EndGlobalSection
	GlobalSection(ExtensibilityGlobals) = postSolution
		SolutionGuid = {ED681F73-96EA-47FC-B548-C101B20E009C}
	EndGlobalSection
EndGlobal
